github.com/go-acme/lego/v4 v4.23.1 h1:lZ5fGtGESA2L9FB8dNTvrQUq3/X4QOb8ExkKyY7LSV4=
github.com/go-acme/lego/v4 v4.23.1/go.mod h1:7UMVR7oQbIYw6V7mTgGwi4Er7B6Ww0c+c8feiBM0EgI=
go.etcd.io/bbolt v1.3.10/go.mod h1:bK3UQLPJZly7IlNmV7uVHJDxfe5aK9Ll93e/74Y9oEQ=
golang.org/x/crypto v0.36.0/go.mod h1:Y4J0ReaxCR1IMaabaSMugxJES1EpwhBHhv2bDHklZvc=
